
Microsoft Visual Studio Solution File, Format Version 12.00
# Visual Studio 15
VisualStudioVersion = 15.0.27130.2010
MinimumVisualStudioVersion = 10.0.40219.1
Project("{FAE04EC0-301F-11D3-BF4B-00C04F79EFBC}") = "InventoryValuationDLL", "InventoryValuationDLL\InventoryValuationDLL.csproj", "{AD6EEA8A-AEDF-477C-A913-3804B50B3EDF}"
EndProject
Global
	GlobalSection(SolutionConfigurationPlatforms) = preSolution
		Debug|Any CPU = Debug|Any CPU
		Release|Any CPU = Release|Any CPU
	EndGlobalSection
	GlobalSection(ProjectConfigurationPlatforms) = postSolution
		{AD6EEA8A-AEDF-477C-A913-3804B50B3EDF}.Debug|Any CPU.ActiveCfg = Debug|Any CPU
		{AD6EEA8A-AEDF-477C-A913-3804B50B3EDF}.Debug|Any CPU.Build.0 = Debug|Any CPU
		{AD6EEA8A-AEDF-477C-A913-3804B50B3EDF}.Release|Any CPU.ActiveCfg = Release|Any CPU
		{AD6EEA8A-AEDF-477C-A913-3804B50B3EDF}.Release|Any CPU.Build.0 = Release|Any CPU
	EndGlobalSection
	GlobalSection(SolutionProperties) = preSolution
		HideSolutionNode = FALSE
	EndGlobalSection
	GlobalSection(ExtensibilityGlobals) = postSolution
		SolutionGuid = {0E9545AD-E581-4703-9234-2DE984513061}
	EndGlobalSection
EndGlobal
